
Microsoft Visual Studio Solution File, Format Version 12.00
# Visual Studio Version 17
VisualStudioVersion = 17.0.31903.59
MinimumVisualStudioVersion = 10.0.40219.1
Project("{2150E333-8FDC-42A3-9474-1A3956D46DE8}") = "src", "src", "{827E0CD3-B72D-47B6-A68D-7590B98EB39B}"
EndProject
Project("{FAE04EC0-301F-11D3-BF4B-00C04F79EFBC}") = "LifeTrackerPro.Domain", "src\LifeTrackerPro.Domain\LifeTrackerPro.Domain.csproj", "{38408D6B-5A16-4BC9-B397-C7CD95A816EC}"
EndProject
Project("{FAE04EC0-301F-11D3-BF4B-00C04F79EFBC}") = "LifeTrackerPro.Shared", "src\LifeTrackerPro.Shared\LifeTrackerPro.Shared.csproj", "{E7DFBD32-A241-44E9-81E5-2EF972C8092D}"
EndProject
Project("{FAE04EC0-301F-11D3-BF4B-00C04F79EFBC}") = "LifeTrackerPro.Application", "src\LifeTrackerPro.Application\LifeTrackerPro.Application.csproj", "{AF9ECDCA-D6D1-4783-A5E5-B621B77D2CE8}"
EndProject
Project("{FAE04EC0-301F-11D3-BF4B-00C04F79EFBC}") = "LifeTrackerPro.Infrastructure", "src\LifeTrackerPro.Infrastructure\LifeTrackerPro.Infrastructure.csproj", "{2D5D35DA-EB24-4DED-A717-B98ABC428D68}"
EndProject
Project("{FAE04EC0-301F-11D3-BF4B-00C04F79EFBC}") = "LifeTrackerPro.API", "src\LifeTrackerPro.API\LifeTrackerPro.API.csproj", "{6BF0779C-AC98-43CC-843E-ED39C73576F5}"
EndProject
Project("{FAE04EC0-301F-11D3-BF4B-00C04F79EFBC}") = "LifeTrackerPro.Client", "src\LifeTrackerPro.Client\LifeTrackerPro.Client.csproj", "{DC28ABCB-B362-42DA-9073-BE654970B093}"
EndProject
Project("{2150E333-8FDC-42A3-9474-1A3956D46DE8}") = "tests", "tests", "{0AB3BF05-4346-4AA6-1389-037BE0695223}"
EndProject
Project("{FAE04EC0-301F-11D3-BF4B-00C04F79EFBC}") = "LifeTrackerPro.UnitTests", "tests\LifeTrackerPro.UnitTests\LifeTrackerPro.UnitTests.csproj", "{9FCC1FCA-BF03-4306-B91E-34C44D62FFBC}"
EndProject
Global
	GlobalSection(SolutionConfigurationPlatforms) = preSolution
		Debug|Any CPU = Debug|Any CPU
		Debug|x64 = Debug|x64
		Debug|x86 = Debug|x86
		Release|Any CPU = Release|Any CPU
		Release|x64 = Release|x64
		Release|x86 = Release|x86
	EndGlobalSection
	GlobalSection(ProjectConfigurationPlatforms) = postSolution
		{38408D6B-5A16-4BC9-B397-C7CD95A816EC}.Debug|Any CPU.ActiveCfg = Debug|Any CPU
		{38408D6B-5A16-4BC9-B397-C7CD95A816EC}.Debug|Any CPU.Build.0 = Debug|Any CPU
		{38408D6B-5A16-4BC9-B397-C7CD95A816EC}.Debug|x64.ActiveCfg = Debug|Any CPU
		{38408D6B-5A16-4BC9-B397-C7CD95A816EC}.Debug|x64.Build.0 = Debug|Any CPU
		{38408D6B-5A16-4BC9-B397-C7CD95A816EC}.Debug|x86.ActiveCfg = Debug|Any CPU
		{38408D6B-5A16-4BC9-B397-C7CD95A816EC}.Debug|x86.Build.0 = Debug|Any CPU
		{38408D6B-5A16-4BC9-B397-C7CD95A816EC}.Release|Any CPU.ActiveCfg = Release|Any CPU
		{38408D6B-5A16-4BC9-B397-C7CD95A816EC}.Release|Any CPU.Build.0 = Release|Any CPU
		{38408D6B-5A16-4BC9-B397-C7CD95A816EC}.Release|x64.ActiveCfg = Release|Any CPU
		{38408D6B-5A16-4BC9-B397-C7CD95A816EC}.Release|x64.Build.0 = Release|Any CPU
		{38408D6B-5A16-4BC9-B397-C7CD95A816EC}.Release|x86.ActiveCfg = Release|Any CPU
		{38408D6B-5A16-4BC9-B397-C7CD95A816EC}.Release|x86.Build.0 = Release|Any CPU
		{E7DFBD32-A241-44E9-81E5-2EF972C8092D}.Debug|Any CPU.ActiveCfg = Debug|Any CPU
		{E7DFBD32-A241-44E9-81E5-2EF972C8092D}.Debug|Any CPU.Build.0 = Debug|Any CPU
		{E7DFBD32-A241-44E9-81E5-2EF972C8092D}.Debug|x64.ActiveCfg = Debug|Any CPU
		{E7DFBD32-A241-44E9-81E5-2EF972C8092D}.Debug|x64.Build.0 = Debug|Any CPU
		{E7DFBD32-A241-44E9-81E5-2EF972C8092D}.Debug|x86.ActiveCfg = Debug|Any CPU
		{E7DFBD32-A241-44E9-81E5-2EF972C8092D}.Debug|x86.Build.0 = Debug|Any CPU
		{E7DFBD32-A241-44E9-81E5-2EF972C8092D}.Release|Any CPU.ActiveCfg = Release|Any CPU
		{E7DFBD32-A241-44E9-81E5-2EF972C8092D}.Release|Any CPU.Build.0 = Release|Any CPU
		{E7DFBD32-A241-44E9-81E5-2EF972C8092D}.Release|x64.ActiveCfg = Release|Any CPU
		{E7DFBD32-A241-44E9-81E5-2EF972C8092D}.Release|x64.Build.0 = Release|Any CPU
		{E7DFBD32-A241-44E9-81E5-2EF972C8092D}.Release|x86.ActiveCfg = Release|Any CPU
		{E7DFBD32-A241-44E9-81E5-2EF972C8092D}.Release|x86.Build.0 = Release|Any CPU
		{AF9ECDCA-D6D1-4783-A5E5-B621B77D2CE8}.Debug|Any CPU.ActiveCfg = Debug|Any CPU
		{AF9ECDCA-D6D1-4783-A5E5-B621B77D2CE8}.Debug|Any CPU.Build.0 = Debug|Any CPU
		{AF9ECDCA-D6D1-4783-A5E5-B621B77D2CE8}.Debug|x64.ActiveCfg = Debug|Any CPU
		{AF9ECDCA-D6D1-4783-A5E5-B621B77D2CE8}.Debug|x64.Build.0 = Debug|Any CPU
		{AF9ECDCA-D6D1-4783-A5E5-B621B77D2CE8}.Debug|x86.ActiveCfg = Debug|Any CPU
		{AF9ECDCA-D6D1-4783-A5E5-B621B77D2CE8}.Debug|x86.Build.0 = Debug|Any CPU
		{AF9ECDCA-D6D1-4783-A5E5-B621B77D2CE8}.Release|Any CPU.ActiveCfg = Release|Any CPU
		{AF9ECDCA-D6D1-4783-A5E5-B621B77D2CE8}.Release|Any CPU.Build.0 = Release|Any CPU
		{AF9ECDCA-D6D1-4783-A5E5-B621B77D2CE8}.Release|x64.ActiveCfg = Release|Any CPU
		{AF9ECDCA-D6D1-4783-A5E5-B621B77D2CE8}.Release|x64.Build.0 = Release|Any CPU
		{AF9ECDCA-D6D1-4783-A5E5-B621B77D2CE8}.Release|x86.ActiveCfg = Release|Any CPU
		{AF9ECDCA-D6D1-4783-A5E5-B621B77D2CE8}.Release|x86.Build.0 = Release|Any CPU
		{2D5D35DA-EB24-4DED-A717-B98ABC428D68}.Debug|Any CPU.ActiveCfg = Debug|Any CPU
		{2D5D35DA-EB24-4DED-A717-B98ABC428D68}.Debug|Any CPU.Build.0 = Debug|Any CPU
		{2D5D35DA-EB24-4DED-A717-B98ABC428D68}.Debug|x64.ActiveCfg = Debug|Any CPU
		{2D5D35DA-EB24-4DED-A717-B98ABC428D68}.Debug|x64.Build.0 = Debug|Any CPU
		{2D5D35DA-EB24-4DED-A717-B98ABC428D68}.Debug|x86.ActiveCfg = Debug|Any CPU
		{2D5D35DA-EB24-4DED-A717-B98ABC428D68}.Debug|x86.Build.0 = Debug|Any CPU
		{2D5D35DA-EB24-4DED-A717-B98ABC428D68}.Release|Any CPU.ActiveCfg = Release|Any CPU
		{2D5D35DA-EB24-4DED-A717-B98ABC428D68}.Release|Any CPU.Build.0 = Release|Any CPU
		{2D5D35DA-EB24-4DED-A717-B98ABC428D68}.Release|x64.ActiveCfg = Release|Any CPU
		{2D5D35DA-EB24-4DED-A717-B98ABC428D68}.Release|x64.Build.0 = Release|Any CPU
		{2D5D35DA-EB24-4DED-A717-B98ABC428D68}.Release|x86.ActiveCfg = Release|Any CPU
		{2D5D35DA-EB24-4DED-A717-B98ABC428D68}.Release|x86.Build.0 = Release|Any CPU
		{6BF0779C-AC98-43CC-843E-ED39C73576F5}.Debug|Any CPU.ActiveCfg = Debug|Any CPU
		{6BF0779C-AC98-43CC-843E-ED39C73576F5}.Debug|Any CPU.Build.0 = Debug|Any CPU
		{6BF0779C-AC98-43CC-843E-ED39C73576F5}.Debug|x64.ActiveCfg = Debug|Any CPU
		{6BF0779C-AC98-43CC-843E-ED39C73576F5}.Debug|x64.Build.0 = Debug|Any CPU
		{6BF0779C-AC98-43CC-843E-ED39C73576F5}.Debug|x86.ActiveCfg = Debug|Any CPU
		{6BF0779C-AC98-43CC-843E-ED39C73576F5}.Debug|x86.Build.0 = Debug|Any CPU
		{6BF0779C-AC98-43CC-843E-ED39C73576F5}.Release|Any CPU.ActiveCfg = Release|Any CPU
		{6BF0779C-AC98-43CC-843E-ED39C73576F5}.Release|Any CPU.Build.0 = Release|Any CPU
		{6BF0779C-AC98-43CC-843E-ED39C73576F5}.Release|x64.ActiveCfg = Release|Any CPU
		{6BF0779C-AC98-43CC-843E-ED39C73576F5}.Release|x64.Build.0 = Release|Any CPU
		{6BF0779C-AC98-43CC-843E-ED39C73576F5}.Release|x86.ActiveCfg = Release|Any CPU
		{6BF0779C-AC98-43CC-843E-ED39C73576F5}.Release|x86.Build.0 = Release|Any CPU
		{DC28ABCB-B362-42DA-9073-BE654970B093}.Debug|Any CPU.ActiveCfg = Debug|Any CPU
		{DC28ABCB-B362-42DA-9073-BE654970B093}.Debug|Any CPU.Build.0 = Debug|Any CPU
		{DC28ABCB-B362-42DA-9073-BE654970B093}.Debug|x64.ActiveCfg = Debug|Any CPU
		{DC28ABCB-B362-42DA-9073-BE654970B093}.Debug|x64.Build.0 = Debug|Any CPU
		{DC28ABCB-B362-42DA-9073-BE654970B093}.Debug|x86.ActiveCfg = Debug|Any CPU
		{DC28ABCB-B362-42DA-9073-BE654970B093}.Debug|x86.Build.0 = Debug|Any CPU
		{DC28ABCB-B362-42DA-9073-BE654970B093}.Release|Any CPU.ActiveCfg = Release|Any CPU
		{DC28ABCB-B362-42DA-9073-BE654970B093}.Release|Any CPU.Build.0 = Release|Any CPU
		{DC28ABCB-B362-42DA-9073-BE654970B093}.Release|x64.ActiveCfg = Release|Any CPU
		{DC28ABCB-B362-42DA-9073-BE654970B093}.Release|x64.Build.0 = Release|Any CPU
		{DC28ABCB-B362-42DA-9073-BE654970B093}.Release|x86.ActiveCfg = Release|Any CPU
		{DC28ABCB-B362-42DA-9073-BE654970B093}.Release|x86.Build.0 = Release|Any CPU
		{9FCC1FCA-BF03-4306-B91E-34C44D62FFBC}.Debug|Any CPU.ActiveCfg = Debug|Any CPU
		{9FCC1FCA-BF03-4306-B91E-34C44D62FFBC}.Debug|Any CPU.Build.0 = Debug|Any CPU
		{9FCC1FCA-BF03-4306-B91E-34C44D62FFBC}.Debug|x64.ActiveCfg = Debug|Any CPU
		{9FCC1FCA-BF03-4306-B91E-34C44D62FFBC}.Debug|x64.Build.0 = Debug|Any CPU
		{9FCC1FCA-BF03-4306-B91E-34C44D62FFBC}.Debug|x86.ActiveCfg = Debug|Any CPU
		{9FCC1FCA-BF03-4306-B91E-34C44D62FFBC}.Debug|x86.Build.0 = Debug|Any CPU
		{9FCC1FCA-BF03-4306-B91E-34C44D62FFBC}.Release|Any CPU.ActiveCfg = Release|Any CPU
		{9FCC1FCA-BF03-4306-B91E-34C44D62FFBC}.Release|Any CPU.Build.0 = Release|Any CPU
		{9FCC1FCA-BF03-4306-B91E-34C44D62FFBC}.Release|x64.ActiveCfg = Release|Any CPU
		{9FCC1FCA-BF03-4306-B91E-34C44D62FFBC}.Release|x64.Build.0 = Release|Any CPU
		{9FCC1FCA-BF03-4306-B91E-34C44D62FFBC}.Release|x86.ActiveCfg = Release|Any CPU
		{9FCC1FCA-BF03-4306-B91E-34C44D62FFBC}.Release|x86.Build.0 = Release|Any CPU
	EndGlobalSection
	GlobalSection(SolutionProperties) = preSolution
		HideSolutionNode = FALSE
	EndGlobalSection
	GlobalSection(NestedProjects) = preSolution
		{38408D6B-5A16-4BC9-B397-C7CD95A816EC} = {827E0CD3-B72D-47B6-A68D-7590B98EB39B}
		{E7DFBD32-A241-44E9-81E5-2EF972C8092D} = {827E0CD3-B72D-47B6-A68D-7590B98EB39B}
		{AF9ECDCA-D6D1-4783-A5E5-B621B77D2CE8} = {827E0CD3-B72D-47B6-A68D-7590B98EB39B}
		{2D5D35DA-EB24-4DED-A717-B98ABC428D68} = {827E0CD3-B72D-47B6-A68D-7590B98EB39B}
		{6BF0779C-AC98-43CC-843E-ED39C73576F5} = {827E0CD3-B72D-47B6-A68D-7590B98EB39B}
		{DC28ABCB-B362-42DA-9073-BE654970B093} = {827E0CD3-B72D-47B6-A68D-7590B98EB39B}
		{9FCC1FCA-BF03-4306-B91E-34C44D62FFBC} = {0AB3BF05-4346-4AA6-1389-037BE0695223}
	EndGlobalSection
EndGlobal
